
Microsoft Visual Studio Solution File, Format Version 12.00
Project("{FAE04EC0-301F-11D3-BF4B-00C04F79EFBC}") = "ExpressionsForEF", "ExpressionsForEF\ExpressionsForEF.csproj", "{4508831F-816B-48F1-BD35-E32533C6C86F}"
EndProject
Global
	GlobalSection(SolutionConfigurationPlatforms) = preSolution
		Debug|Any CPU = Debug|Any CPU
		Release|Any CPU = Release|Any CPU
	EndGlobalSection
	GlobalSection(ProjectConfigurationPlatforms) = postSolution
		{4508831F-816B-48F1-BD35-E32533C6C86F}.Debug|Any CPU.ActiveCfg = Debug|Any CPU
		{4508831F-816B-48F1-BD35-E32533C6C86F}.Debug|Any CPU.Build.0 = Debug|Any CPU
		{4508831F-816B-48F1-BD35-E32533C6C86F}.Release|Any CPU.ActiveCfg = Release|Any CPU
		{4508831F-816B-48F1-BD35-E32533C6C86F}.Release|Any CPU.Build.0 = Release|Any CPU
	EndGlobalSection
EndGlobal
